
Microsoft Visual Studio Solution File, Format Version 12.00
# Visual Studio Version 17
VisualStudioVersion = 17.0.31903.59
MinimumVisualStudioVersion = 10.0.40219.1
Project("{FAE04EC0-301F-11D3-BF4B-00C04F79EFBC}") = "Tyuiu.MitinNV.Sprint3.Task0.V3.Lib", "Tyuiu.MitinNV.Sprint3.Task0.V3.Lib\Tyuiu.MitinNV.Sprint3.Task0.V3.Lib.csproj", "{E25C0785-D553-4415-80DA-F8BBB987DDB6}"
EndProject
Project("{FAE04EC0-301F-11D3-BF4B-00C04F79EFBC}") = "Tyuiu.MitinNV.Sprint3.Task0.V3", "Tyuiu.MitinNV.Sprint3.Task0.V3\Tyuiu.MitinNV.Sprint3.Task0.V3.csproj", "{2427197C-8578-439D-8B30-C5F9AD4D6A78}"
EndProject
Project("{FAE04EC0-301F-11D3-BF4B-00C04F79EFBC}") = "Tyuiu.MitinNV.Sprint3.Task0.V3.Test", "Tyuiu.MitinNV.Sprint3.Task0.V3.Test\Tyuiu.MitinNV.Sprint3.Task0.V3.Test.csproj", "{BD18A93A-FC10-48C9-ACD7-113A1AF9C399}"
EndProject
Global
	GlobalSection(SolutionConfigurationPlatforms) = preSolution
		Debug|Any CPU = Debug|Any CPU
		Release|Any CPU = Release|Any CPU
	EndGlobalSection
	GlobalSection(SolutionProperties) = preSolution
		HideSolutionNode = FALSE
	EndGlobalSection
	GlobalSection(ProjectConfigurationPlatforms) = postSolution
		{E25C0785-D553-4415-80DA-F8BBB987DDB6}.Debug|Any CPU.ActiveCfg = Debug|Any CPU
		{E25C0785-D553-4415-80DA-F8BBB987DDB6}.Debug|Any CPU.Build.0 = Debug|Any CPU
		{E25C0785-D553-4415-80DA-F8BBB987DDB6}.Release|Any CPU.ActiveCfg = Release|Any CPU
		{E25C0785-D553-4415-80DA-F8BBB987DDB6}.Release|Any CPU.Build.0 = Release|Any CPU
		{2427197C-8578-439D-8B30-C5F9AD4D6A78}.Debug|Any CPU.ActiveCfg = Debug|Any CPU
		{2427197C-8578-439D-8B30-C5F9AD4D6A78}.Debug|Any CPU.Build.0 = Debug|Any CPU
		{2427197C-8578-439D-8B30-C5F9AD4D6A78}.Release|Any CPU.ActiveCfg = Release|Any CPU
		{2427197C-8578-439D-8B30-C5F9AD4D6A78}.Release|Any CPU.Build.0 = Release|Any CPU
		{BD18A93A-FC10-48C9-ACD7-113A1AF9C399}.Debug|Any CPU.ActiveCfg = Debug|Any CPU
		{BD18A93A-FC10-48C9-ACD7-113A1AF9C399}.Debug|Any CPU.Build.0 = Debug|Any CPU
		{BD18A93A-FC10-48C9-ACD7-113A1AF9C399}.Release|Any CPU.ActiveCfg = Release|Any CPU
		{BD18A93A-FC10-48C9-ACD7-113A1AF9C399}.Release|Any CPU.Build.0 = Release|Any CPU
	EndGlobalSection
EndGlobal
